
Microsoft Visual Studio Solution File, Format Version 12.00
# Visual Studio Version 17
VisualStudioVersion = 17.6.33815.320
MinimumVisualStudioVersion = 10.0.40219.1
Project("{9A19103F-16F7-4668-BE54-9A1E7A4F7556}") = "Szorzotabla", "Szorzotabla\Szorzotabla.csproj", "{31BF9A87-1A5C-48DE-83C3-15EC911965F5}"
EndProject
Project("{9A19103F-16F7-4668-BE54-9A1E7A4F7556}") = "Fibonacci", "Fibonacci\Fibonacci.csproj", "{D53836C8-6747-4E2F-AD42-69ABD197AE66}"
EndProject
Project("{9A19103F-16F7-4668-BE54-9A1E7A4F7556}") = "Pascal", "Pascal\Pascal.csproj", "{392F7EEB-1288-46AA-BD46-F0BD0EBAB21B}"
EndProject
Project("{9A19103F-16F7-4668-BE54-9A1E7A4F7556}") = "3.hét", "3.hét\3.hét.csproj", "{9BC44170-2E07-4AD5-A884-CE6C2C782A74}"
EndProject
Project("{FAE04EC0-301F-11D3-BF4B-00C04F79EFBC}") = "zh_1_gyakorlas", "zh_1_gyakorlas\zh_1_gyakorlas.csproj", "{19E86AB9-DDE6-4F85-AF01-90A7BC488B15}"
EndProject
Global
	GlobalSection(SolutionConfigurationPlatforms) = preSolution
		Debug|Any CPU = Debug|Any CPU
		Release|Any CPU = Release|Any CPU
	EndGlobalSection
	GlobalSection(ProjectConfigurationPlatforms) = postSolution
		{31BF9A87-1A5C-48DE-83C3-15EC911965F5}.Debug|Any CPU.ActiveCfg = Debug|Any CPU
		{31BF9A87-1A5C-48DE-83C3-15EC911965F5}.Debug|Any CPU.Build.0 = Debug|Any CPU
		{31BF9A87-1A5C-48DE-83C3-15EC911965F5}.Release|Any CPU.ActiveCfg = Release|Any CPU
		{31BF9A87-1A5C-48DE-83C3-15EC911965F5}.Release|Any CPU.Build.0 = Release|Any CPU
		{D53836C8-6747-4E2F-AD42-69ABD197AE66}.Debug|Any CPU.ActiveCfg = Debug|Any CPU
		{D53836C8-6747-4E2F-AD42-69ABD197AE66}.Debug|Any CPU.Build.0 = Debug|Any CPU
		{D53836C8-6747-4E2F-AD42-69ABD197AE66}.Release|Any CPU.ActiveCfg = Release|Any CPU
		{D53836C8-6747-4E2F-AD42-69ABD197AE66}.Release|Any CPU.Build.0 = Release|Any CPU
		{392F7EEB-1288-46AA-BD46-F0BD0EBAB21B}.Debug|Any CPU.ActiveCfg = Debug|Any CPU
		{392F7EEB-1288-46AA-BD46-F0BD0EBAB21B}.Debug|Any CPU.Build.0 = Debug|Any CPU
		{392F7EEB-1288-46AA-BD46-F0BD0EBAB21B}.Release|Any CPU.ActiveCfg = Release|Any CPU
		{392F7EEB-1288-46AA-BD46-F0BD0EBAB21B}.Release|Any CPU.Build.0 = Release|Any CPU
		{9BC44170-2E07-4AD5-A884-CE6C2C782A74}.Debug|Any CPU.ActiveCfg = Debug|Any CPU
		{9BC44170-2E07-4AD5-A884-CE6C2C782A74}.Debug|Any CPU.Build.0 = Debug|Any CPU
		{9BC44170-2E07-4AD5-A884-CE6C2C782A74}.Release|Any CPU.ActiveCfg = Release|Any CPU
		{9BC44170-2E07-4AD5-A884-CE6C2C782A74}.Release|Any CPU.Build.0 = Release|Any CPU
		{19E86AB9-DDE6-4F85-AF01-90A7BC488B15}.Debug|Any CPU.ActiveCfg = Debug|Any CPU
		{19E86AB9-DDE6-4F85-AF01-90A7BC488B15}.Debug|Any CPU.Build.0 = Debug|Any CPU
		{19E86AB9-DDE6-4F85-AF01-90A7BC488B15}.Release|Any CPU.ActiveCfg = Release|Any CPU
		{19E86AB9-DDE6-4F85-AF01-90A7BC488B15}.Release|Any CPU.Build.0 = Release|Any CPU
	EndGlobalSection
	GlobalSection(SolutionProperties) = preSolution
		HideSolutionNode = FALSE
	EndGlobalSection
	GlobalSection(ExtensibilityGlobals) = postSolution
		SolutionGuid = {A2CD0135-46C8-4320-88B2-A7A3B1232069}
	EndGlobalSection
EndGlobal
